# THIS IS AN AUTOGENERATED FILE. DO NOT EDIT THIS FILE DIRECTLY.
# yarn lockfile v1


"@phylax-systems/phylax-std@^0.1.1":
  version "0.1.1"
  resolved "https://registry.yarnpkg.com/@phylax-systems/phylax-std/-/phylax-std-0.1.1.tgz#b5ebbc7bc2d9f343ca409aceff2f9314acf87b68"
  integrity sha512-J/k+9nmkiTquLsN+m1jle1POUrwHcBJZ3YVFbgnGsEGy25k/OY5RBxMIOIag+12rW7vEGB/avBAkVOqVDO1YBg==
  dependencies:
    ds-test "https://github.com/dapphub/ds-test.git"
    forge-std "https://github.com/foundry-rs/forge-std.git#v1.7.3"

"ds-test@https://github.com/dapphub/ds-test.git":
  version "1.0.0"
  resolved "https://github.com/dapphub/ds-test.git#e282159d5170298eb2455a6c05280ab5a73a4ef0"

"forge-std@https://github.com/foundry-rs/forge-std.git#v1.7.3":
  version "1.7.3"
  resolved "https://github.com/foundry-rs/forge-std.git#2f112697506eab12d433a65fdc31a639548fe365"
